PODS:
  - Alamofire (4.7.0)
  - Bolts (1.9.0):
    - Bolts/AppLinks (= 1.9.0)
    - Bolts/Tasks (= 1.9.0)
  - Bolts/AppLinks (1.9.0):
    - Bolts/Tasks
  - Bolts/Tasks (1.9.0)
  - DLRadioButton (1.4.11)
  - DynamicBlurView (2.0.2)
  - EPSignature (1.0.3)
  - FBSDKCoreKit (4.31.0):
    - Bolts (~> 1.7)
  - FBSDKLoginKit (4.31.0):
    - FBSDKCoreKit
  - GoogleSignIn (4.1.2):
    - GoogleToolboxForMac/NSDictionary+URLArguments (~> 2.1)
    - GoogleToolboxForMac/NSString+URLArguments (~> 2.1)
    - GTMOAuth2 (~> 1.0)
    - GTMSessionFetcher/Core (~> 1.1)
  - GoogleToolboxForMac/DebugUtils (2.1.3):
    - GoogleToolboxForMac/Defines (= 2.1.3)
  - GoogleToolboxForMac/Defines (2.1.3)
  - GoogleToolboxForMac/NSDictionary+URLArguments (2.1.3):
    - GoogleToolboxForMac/DebugUtils (= 2.1.3)
    - GoogleToolboxForMac/Defines (= 2.1.3)
    - GoogleToolboxForMac/NSString+URLArguments (= 2.1.3)
  - GoogleToolboxForMac/NSString+URLArguments (2.1.3)
  - GTMOAuth2 (1.1.6):
    - GTMSessionFetcher (~> 1.1)
  - GTMSessionFetcher (1.1.14):
    - GTMSessionFetcher/Full (= 1.1.14)
  - GTMSessionFetcher/Core (1.1.14)
  - GTMSessionFetcher/Full (1.1.14):
    - GTMSessionFetcher/Core (= 1.1.14)
  - IQKeyboardManagerSwift (5.0.7)
  - PopupDialog (0.7.1):
    - DynamicBlurView (~> 2.0)
  - RESideMenu (4.0.7)
  - SwiftSignatureView (2.0.0)
  - SwiftSoup (1.6.2)
  - SwiftyButton (0.8.0)

DEPENDENCIES:
  - Alamofire
  - DLRadioButton
  - EPSignature
  - FBSDKLoginKit
  - GoogleSignIn
  - IQKeyboardManagerSwift
  - PopupDialog
  - RESideMenu
  - SwiftSignatureView
  - SwiftSoup
  - SwiftyButton

SPEC CHECKSUMS:
  Alamofire: 907e0a98eb68cdb7f9d1f541a563d6ac5dc77b25
  Bolts: ac6567323eac61e203f6a9763667d0f711be34c8
  DLRadioButton: 0d04b8259e7bfd886571a1e9173c73fee7118f50
  DynamicBlurView: aa6db4defc6e537eb86fc5e58dd3991666178399
  EPSignature: 6c5c3ca674650a11b16c3cd5641a830bad4793f8
  FBSDKCoreKit: 54db4c581123745d25a9f7c1608020b3aeabd118
  FBSDKLoginKit: 95a252ddffd6919c0f132a02292f0824616d8709
  GoogleSignIn: d9ef55b10f0aa401a5de2747f59b725e4b9732ac
  GoogleToolboxForMac: 2501e2ad72a52eb3dfe7bd9aee7dad11b858bd20
  GTMOAuth2: c77fe325e4acd453837e72d91e3b5f13116857b2
  GTMSessionFetcher: 390ea358e5a0d0133153806f744662dad933d06b
  IQKeyboardManagerSwift: 30fb3a61de1af53a95e02b80fb54ed0a19d5ede5
  PopupDialog: 39598b7d41719f5c025b4b70e62728bae7734fef
  RESideMenu: f24c508404b49c667344c54aba7e590883533958
  SwiftSignatureView: aacf6b4fb9108d79b76af1d3f23a50ff50a0a98f
  SwiftSoup: 390f651d9d3937c538e41219a98e5d6658a4405f
  SwiftyButton: 093e3fe2becf3ae31c0f6c1c6987b79a93fb3ecb

PODFILE CHECKSUM: a2a985b9d47fe3ac06be3d353694847c1955cb0e

COCOAPODS: 1.4.0
